// !$*UTF8*$!
{
	archiveVersion = 1;
	classes = {
	};
	objectVersion = 46;
	objects = {

/* Begin PBXBuildFile section */
		332A824E1F5F875800B5F958 /* SecondViewController.m in Sources */ = {isa = PBXBuildFile; fileRef = 332A824D1F5F875800B5F958 /* SecondViewController.m */; };
		332A82511F5FA4C400B5F958 /* UIViewController+MyVc.m in Sources */ = {isa = PBXBuildFile; fileRef = 332A82501F5FA4C400B5F958 /* UIViewController+MyVc.m */; };
		334827AB1F5E8F50003B6DE7 /* UIView+myView.m in Sources */ = {isa = PBXBuildFile; fileRef = 334827AA1F5E8F50003B6DE7 /* UIView+myView.m */; };
		334827AE1F5EAD52003B6DE7 /* newViewController.m in Sources */ = {isa = PBXBuildFile; fileRef = 334827AD1F5EAD52003B6DE7 /* newViewController.m */; };
		338BA3421F60D89F005D156F /* NSArray+UnCrash.m in Sources */ = {isa = PBXBuildFile; fileRef = 338BA33D1F60D89F005D156F /* NSArray+UnCrash.m */; };
		338BA3431F60D89F005D156F /* NSDictionary+UnCrash.m in Sources */ = {isa = PBXBuildFile; fileRef = 338BA33F1F60D89F005D156F /* NSDictionary+UnCrash.m */; };
		338BA3441F60D89F005D156F /* NSNull+UnCrash.m in Sources */ = {isa = PBXBuildFile; fileRef = 338BA3411F60D89F005D156F /* NSNull+UnCrash.m */; };
		62EF0E791F5AE30A00639585 /* main.m in Sources */ = {isa = PBXBuildFile; fileRef = 62EF0E781F5AE30A00639585 /* main.m */; };
		62EF0E7C1F5AE30A00639585 /* AppDelegate.m in Sources */ = {isa = PBXBuildFile; fileRef = 62EF0E7B1F5AE30A00639585 /* AppDelegate.m */; };
		62EF0E7F1F5AE30A00639585 /* ViewController.m in Sources */ = {isa = PBXBuildFile; fileRef = 62EF0E7E1F5AE30A00639585 /* ViewController.m */; };
		62EF0E821F5AE30A00639585 /* Main.storyboard in Resources */ = {isa = PBXBuildFile; fileRef = 62EF0E801F5AE30A00639585 /* Main.storyboard */; };
		62EF0E841F5AE30A00639585 /* Assets.xcassets in Resources */ = {isa = PBXBuildFile; fileRef = 62EF0E831F5AE30A00639585 /* Assets.xcassets */; };
		62EF0E871F5AE30A00639585 /* LaunchScreen.storyboard in Resources */ = {isa = PBXBuildFile; fileRef = 62EF0E851F5AE30A00639585 /* LaunchScreen.storyboard */; };
/* End PBXBuildFile section */

/* Begin PBXFileReference section */
		332A824C1F5F875800B5F958 /* SecondViewController.h */ = {isa = PBXFileReference; fileEncoding = 4; lastKnownFileType = sourcecode.c.h; path = SecondViewController.h; sourceTree = "<group>"; };
		332A824D1F5F875800B5F958 /* SecondViewController.m */ = {isa = PBXFileReference; fileEncoding = 4; lastKnownFileType = sourcecode.c.objc; path = SecondViewController.m; sourceTree = "<group>"; };
		332A824F1F5FA4C400B5F958 /* UIViewController+MyVc.h */ = {isa = PBXFileReference; fileEncoding = 4; lastKnownFileType = sourcecode.c.h; path = "UIViewController+MyVc.h"; sourceTree = "<group>"; };
		332A82501F5FA4C400B5F958 /* UIViewController+MyVc.m */ = {isa = PBXFileReference; fileEncoding = 4; lastKnownFileType = sourcecode.c.objc; path = "UIViewController+MyVc.m"; sourceTree = "<group>"; };
		334827A91F5E8F50003B6DE7 /* UIView+myView.h */ = {isa = PBXFileReference; fileEncoding = 4; lastKnownFileType = sourcecode.c.h; path = "UIView+myView.h"; sourceTree = "<group>"; };
		334827AA1F5E8F50003B6DE7 /* UIView+myView.m */ = {isa = PBXFileReference; fileEncoding = 4; lastKnownFileType = sourcecode.c.objc; path = "UIView+myView.m"; sourceTree = "<group>"; };
		334827AC1F5EAD52003B6DE7 /* newViewController.h */ = {isa = PBXFileReference; fileEncoding = 4; lastKnownFileType = sourcecode.c.h; path = newViewController.h; sourceTree = "<group>"; };
		334827AD1F5EAD52003B6DE7 /* newViewController.m */ = {isa = PBXFileReference; fileEncoding = 4; lastKnownFileType = sourcecode.c.objc; path = newViewController.m; sourceTree = "<group>"; };
		338BA33C1F60D89F005D156F /* NSArray+UnCrash.h */ = {isa = PBXFileReference; fileEncoding = 4; lastKnownFileType = sourcecode.c.h; path = "NSArray+UnCrash.h"; sourceTree = "<group>"; };
		338BA33D1F60D89F005D156F /* NSArray+UnCrash.m */ = {isa = PBXFileReference; fileEncoding = 4; lastKnownFileType = sourcecode.c.objc; path = "NSArray+UnCrash.m"; sourceTree = "<group>"; };
		338BA33E1F60D89F005D156F /* NSDictionary+UnCrash.h */ = {isa = PBXFileReference; fileEncoding = 4; lastKnownFileType = sourcecode.c.h; path = "NSDictionary+UnCrash.h"; sourceTree = "<group>"; };
		338BA33F1F60D89F005D156F /* NSDictionary+UnCrash.m */ = {isa = PBXFileReference; fileEncoding = 4; lastKnownFileType = sourcecode.c.objc; path = "NSDictionary+UnCrash.m"; sourceTree = "<group>"; };
		338BA3401F60D89F005D156F /* NSNull+UnCrash.h */ = {isa = PBXFileReference; fileEncoding = 4; lastKnownFileType = sourcecode.c.h; path = "NSNull+UnCrash.h"; sourceTree = "<group>"; };
		338BA3411F60D89F005D156F /* NSNull+UnCrash.m */ = {isa = PBXFileReference; fileEncoding = 4; lastKnownFileType = sourcecode.c.objc; path = "NSNull+UnCrash.m"; sourceTree = "<group>"; };
		62EF0E741F5AE30A00639585 /* OCdemo.app */ = {isa = PBXFileReference; explicitFileType = wrapper.application; includeInIndex = 0; path = OCdemo.app; sourceTree = BUILT_PRODUCTS_DIR; };
		62EF0E781F5AE30A00639585 /* main.m */ = {isa = PBXFileReference; lastKnownFileType = sourcecode.c.objc; path = main.m; sourceTree = "<group>"; };
		62EF0E7A1F5AE30A00639585 /* AppDelegate.h */ = {isa = PBXFileReference; lastKnownFileType = sourcecode.c.h; path = AppDelegate.h; sourceTree = "<group>"; };
		62EF0E7B1F5AE30A00639585 /* AppDelegate.m */ = {isa = PBXFileReference; lastKnownFileType = sourcecode.c.objc; path = AppDelegate.m; sourceTree = "<group>"; };
		62EF0E7D1F5AE30A00639585 /* ViewController.h */ = {isa = PBXFileReference; lastKnownFileType = sourcecode.c.h; path = ViewController.h; sourceTree = "<group>"; };
		62EF0E7E1F5AE30A00639585 /* ViewController.m */ = {isa = PBXFileReference; lastKnownFileType = sourcecode.c.objc; path = ViewController.m; sourceTree = "<group>"; };
		62EF0E811F5AE30A00639585 /* Base */ = {isa = PBXFileReference; lastKnownFileType = file.storyboard; name = Base; path = Base.lproj/Main.storyboard; sourceTree = "<group>"; };
		62EF0E831F5AE30A00639585 /* Assets.xcassets */ = {isa = PBXFileReference; lastKnownFileType = folder.assetcatalog; path = Assets.xcassets; sourceTree = "<group>"; };
		62EF0E861F5AE30A00639585 /* Base */ = {isa = PBXFileReference; lastKnownFileType = file.storyboard; name = Base; path = Base.lproj/LaunchScreen.storyboard; sourceTree = "<group>"; };
		62EF0E881F5AE30A00639585 /* Info.plist */ = {isa = PBXFileReference; lastKnownFileType = text.plist.xml; path = Info.plist; sourceTree = "<group>"; };
/* End PBXFileReference section */

/* Begin PBXFrameworksBuildPhase section */
		62EF0E711F5AE30900639585 /* Frameworks */ = {
			isa = PBXFrameworksBuildPhase;
			buildActionMask = 2147483647;
			files = (
			);
			runOnlyForDeploymentPostprocessing = 0;
		};
/* End PBXFrameworksBuildPhase section */

/* Begin PBXGroup section */
		338BA33B1F60D89F005D156F /* Category */ = {
			isa = PBXGroup;
			children = (
				338BA33C1F60D89F005D156F /* NSArray+UnCrash.h */,
				338BA33D1F60D89F005D156F /* NSArray+UnCrash.m */,
				338BA33E1F60D89F005D156F /* NSDictionary+UnCrash.h */,
				338BA33F1F60D89F005D156F /* NSDictionary+UnCrash.m */,
				338BA3401F60D89F005D156F /* NSNull+UnCrash.h */,
				338BA3411F60D89F005D156F /* NSNull+UnCrash.m */,
			);
			path = Category;
			sourceTree = "<group>";
		};
		62EF0E6B1F5AE30900639585 = {
			isa = PBXGroup;
			children = (
				62EF0E761F5AE30A00639585 /* OCdemo */,
				62EF0E751F5AE30A00639585 /* Products */,
			);
			sourceTree = "<group>";
		};
		62EF0E751F5AE30A00639585 /* Products */ = {
			isa = PBXGroup;
			children = (
				62EF0E741F5AE30A00639585 /* OCdemo.app */,
			);
			name = Products;
			sourceTree = "<group>";
		};
		62EF0E761F5AE30A00639585 /* OCdemo */ = {
			isa = PBXGroup;
			children = (
				338BA33B1F60D89F005D156F /* Category */,
				62EF0E7A1F5AE30A00639585 /* AppDelegate.h */,
				62EF0E7B1F5AE30A00639585 /* AppDelegate.m */,
				62EF0E7D1F5AE30A00639585 /* ViewController.h */,
				62EF0E7E1F5AE30A00639585 /* ViewController.m */,
				332A824F1F5FA4C400B5F958 /* UIViewController+MyVc.h */,
				332A82501F5FA4C400B5F958 /* UIViewController+MyVc.m */,
				334827A91F5E8F50003B6DE7 /* UIView+myView.h */,
				334827AA1F5E8F50003B6DE7 /* UIView+myView.m */,
				334827AC1F5EAD52003B6DE7 /* newViewController.h */,
				334827AD1F5EAD52003B6DE7 /* newViewController.m */,
				332A824C1F5F875800B5F958 /* SecondViewController.h */,
				332A824D1F5F875800B5F958 /* SecondViewController.m */,
				62EF0E801F5AE30A00639585 /* Main.storyboard */,
				62EF0E831F5AE30A00639585 /* Assets.xcassets */,
				62EF0E851F5AE30A00639585 /* LaunchScreen.storyboard */,
				62EF0E881F5AE30A00639585 /* Info.plist */,
				62EF0E771F5AE30A00639585 /* Supporting Files */,
			);
			path = OCdemo;
			sourceTree = "<group>";
		};
		62EF0E771F5AE30A00639585 /* Supporting Files */ = {
			isa = PBXGroup;
			children = (
				62EF0E781F5AE30A00639585 /* main.m */,
			);
			name = "Supporting Files";
			sourceTree = "<group>";
		};
/* End PBXGroup section */

/* Begin PBXNativeTarget section */
		62EF0E731F5AE30900639585 /* OCdemo */ = {
			isa = PBXNativeTarget;
			buildConfigurationList = 62EF0E8B1F5AE30A00639585 /* Build configuration list for PBXNativeTarget "OCdemo" */;
			buildPhases = (
				62EF0E701F5AE30900639585 /* Sources */,
				62EF0E711F5AE30900639585 /* Frameworks */,
				62EF0E721F5AE30900639585 /* Resources */,
			);
			buildRules = (
			);
			dependencies = (
			);
			name = OCdemo;
			productName = OCdemo;
			productReference = 62EF0E741F5AE30A00639585 /* OCdemo.app */;
			productType = "com.apple.product-type.application";
		};
/* End PBXNativeTarget section */

/* Begin PBXProject section */
		62EF0E6C1F5AE30900639585 /* Project object */ = {
			isa = PBXProject;
			attributes = {
				LastUpgradeCheck = 0830;
				ORGANIZATIONNAME = zhouyu;
				TargetAttributes = {
					62EF0E731F5AE30900639585 = {
						CreatedOnToolsVersion = 8.3.3;
						DevelopmentTeam = WRNUC3KJ6A;
						ProvisioningStyle = Automatic;
					};
				};
			};
			buildConfigurationList = 62EF0E6F1F5AE30900639585 /* Build configuration list for PBXProject "OCdemo" */;
			compatibilityVersion = "Xcode 3.2";
			developmentRegion = English;
			hasScannedForEncodings = 0;
			knownRegions = (
				en,
				Base,
			);
			mainGroup = 62EF0E6B1F5AE30900639585;
			productRefGroup = 62EF0E751F5AE30A00639585 /* Products */;
			projectDirPath = "";
			projectRoot = "";
			targets = (
				62EF0E731F5AE30900639585 /* OCdemo */,
			);
		};
/* End PBXProject section */

/* Begin PBXResourcesBuildPhase section */
		62EF0E721F5AE30900639585 /* Resources */ = {
			isa = PBXResourcesBuildPhase;
			buildActionMask = 2147483647;
			files = (
				62EF0E871F5AE30A00639585 /* LaunchScreen.storyboard in Resources */,
				62EF0E841F5AE30A00639585 /* Assets.xcassets in Resources */,
				62EF0E821F5AE30A00639585 /* Main.storyboard in Resources */,
			);
			runOnlyForDeploymentPostprocessing = 0;
		};
/* End PBXResourcesBuildPhase section */

/* Begin PBXSourcesBuildPhase section */
		62EF0E701F5AE30900639585 /* Sources */ = {
			isa = PBXSourcesBuildPhase;
			buildActionMask = 2147483647;
			files = (
				332A824E1F5F875800B5F958 /* SecondViewController.m in Sources */,
				62EF0E7F1F5AE30A00639585 /* ViewController.m in Sources */,
				62EF0E7C1F5AE30A00639585 /* AppDelegate.m in Sources */,
				338BA3421F60D89F005D156F /* NSArray+UnCrash.m in Sources */,
				334827AE1F5EAD52003B6DE7 /* newViewController.m in Sources */,
				62EF0E791F5AE30A00639585 /* main.m in Sources */,
				338BA3441F60D89F005D156F /* NSNull+UnCrash.m in Sources */,
				338BA3431F60D89F005D156F /* NSDictionary+UnCrash.m in Sources */,
				334827AB1F5E8F50003B6DE7 /* UIView+myView.m in Sources */,
				332A82511F5FA4C400B5F958 /* UIViewController+MyVc.m in Sources */,
			);
			runOnlyForDeploymentPostprocessing = 0;
		};
/* End PBXSourcesBuildPhase section */

/* Begin PBXVariantGroup section */
		62EF0E801F5AE30A00639585 /* Main.storyboard */ = {
			isa = PBXVariantGroup;
			children = (
				62EF0E811F5AE30A00639585 /* Base */,
			);
			name = Main.storyboard;
			sourceTree = "<group>";
		};
		62EF0E851F5AE30A00639585 /* LaunchScreen.storyboard */ = {
			isa = PBXVariantGroup;
			children = (
				62EF0E861F5AE30A00639585 /* Base */,
			);
			name = LaunchScreen.storyboard;
			sourceTree = "<group>";
		};
/* End PBXVariantGroup section */

/* Begin XCBuildConfiguration section */
		62EF0E891F5AE30A00639585 /* Debug */ = {
			isa = XCBuildConfiguration;
			buildSettings = {
				ALWAYS_SEARCH_USER_PATHS = NO;
				CLANG_ANALYZER_NONNULL = YES;
				CLANG_ANALYZER_NUMBER_OBJECT_CONVERSION = YES_AGGRESSIVE;
				CLANG_CXX_LANGUAGE_STANDARD = "gnu++0x";
				CLANG_CXX_LIBRARY = "libc++";
				CLANG_ENABLE_MODULES = YES;
				CLANG_ENABLE_OBJC_ARC = YES;
				CLANG_WARN_BOOL_CONVERSION = YES;
				CLANG_WARN_CONSTANT_CONVERSION = YES;
				CLANG_WARN_DIRECT_OBJC_ISA_USAGE = YES_ERROR;
				CLANG_WARN_DOCUMENTATION_COMMENTS = YES;
				CLANG_WARN_EMPTY_BODY = YES;
				CLANG_WARN_ENUM_CONVERSION = YES;
				CLANG_WARN_INFINITE_RECURSION = YES;
				CLANG_WARN_INT_CONVERSION = YES;
				CLANG_WARN_OBJC_ROOT_CLASS = YES_ERROR;
				CLANG_WARN_SUSPICIOUS_MOVE = YES;
				CLANG_WARN_UNREACHABLE_CODE = YES;
				CLANG_WARN__DUPLICATE_METHOD_MATCH = YES;
				"CODE_SIGN_IDENTITY[sdk=iphoneos*]" = "iPhone Developer";
				COPY_PHASE_STRIP = NO;
				DEBUG_INFORMATION_FORMAT = dwarf;
				ENABLE_STRICT_OBJC_MSGSEND = YES;
				ENABLE_TESTABILITY = YES;
				GCC_C_LANGUAGE_STANDARD = gnu99;
				GCC_DYNAMIC_NO_PIC = NO;
				GCC_NO_COMMON_BLOCKS = YES;
				GCC_OPTIMIZATION_LEVEL = 0;
				GCC_PREPROCESSOR_DEFINITIONS = (
					"DEBUG=1",
					"$(inherited)",
				);
				GCC_WARN_64_TO_32_BIT_CONVERSION = YES;
				GCC_WARN_ABOUT_RETURN_TYPE = YES_ERROR;
				GCC_WARN_UNDECLARED_SELECTOR = YES;
				GCC_WARN_UNINITIALIZED_AUTOS = YES_AGGRESSIVE;
				GCC_WARN_UNUSED_FUNCTION = YES;
				GCC_WARN_UNUSED_VARIABLE = YES;
				IPHONEOS_DEPLOYMENT_TARGET = 10.3;
				MTL_ENABLE_DEBUG_INFO = YES;
				ONLY_ACTIVE_ARCH = YES;
				SDKROOT = iphoneos;
			};
			name = Debug;
		};
		62EF0E8A1F5AE30A00639585 /* Release */ = {
			isa = XCBuildConfiguration;
			buildSettings = {
				ALWAYS_SEARCH_USER_PATHS = NO;
				CLANG_ANALYZER_NONNULL = YES;
				CLANG_ANALYZER_NUMBER_OBJECT_CONVERSION = YES_AGGRESSIVE;
				CLANG_CXX_LANGUAGE_STANDARD = "gnu++0x";
				CLANG_CXX_LIBRARY = "libc++";
				CLANG_ENABLE_MODULES = YES;
				CLANG_ENABLE_OBJC_ARC = YES;
				CLANG_WARN_BOOL_CONVERSION = YES;
				CLANG_WARN_CONSTANT_CONVERSION = YES;
				CLANG_WARN_DIRECT_OBJC_ISA_USAGE = YES_ERROR;
				CLANG_WARN_DOCUMENTATION_COMMENTS = YES;
				CLANG_WARN_EMPTY_BODY = YES;
				CLANG_WARN_ENUM_CONVERSION = YES;
				CLANG_WARN_INFINITE_RECURSION = YES;
				CLANG_WARN_INT_CONVERSION = YES;
				CLANG_WARN_OBJC_ROOT_CLASS = YES_ERROR;
				CLANG_WARN_SUSPICIOUS_MOVE = YES;
				CLANG_WARN_UNREACHABLE_CODE = YES;
				CLANG_WARN__DUPLICATE_METHOD_MATCH = YES;
				"CODE_SIGN_IDENTITY[sdk=iphoneos*]" = "iPhone Developer";
				COPY_PHASE_STRIP = NO;
				DEBUG_INFORMATION_FORMAT = "dwarf-with-dsym";
				ENABLE_NS_ASSERTIONS = NO;
				ENABLE_STRICT_OBJC_MSGSEND = YES;
				GCC_C_LANGUAGE_STANDARD = gnu99;
				GCC_NO_COMMON_BLOCKS = YES;
				GCC_WARN_64_TO_32_BIT_CONVERSION = YES;
				GCC_WARN_ABOUT_RETURN_TYPE = YES_ERROR;
				GCC_WARN_UNDECLARED_SELECTOR = YES;
				GCC_WARN_UNINITIALIZED_AUTOS = YES_AGGRESSIVE;
				GCC_WARN_UNUSED_FUNCTION = YES;
				GCC_WARN_UNUSED_VARIABLE = YES;
				IPHONEOS_DEPLOYMENT_TARGET = 10.3;
				MTL_ENABLE_DEBUG_INFO = NO;
				SDKROOT = iphoneos;
				VALIDATE_PRODUCT = YES;
			};
			name = Release;
		};
		62EF0E8C1F5AE30A00639585 /* Debug */ = {
			isa = XCBuildConfiguration;
			buildSettings = {
				ASSETCATALOG_COMPILER_APPICON_NAME = AppIcon;
				DEVELOPMENT_TEAM = WRNUC3KJ6A;
				INFOPLIST_FILE = OCdemo/Info.plist;
				IPHONEOS_DEPLOYMENT_TARGET = 8.0;
				LD_RUNPATH_SEARCH_PATHS = "$(inherited) @executable_path/Frameworks";
				PRODUCT_BUNDLE_IDENTIFIER = www.vocoor.com.OCdemo;
				PRODUCT_NAME = "$(TARGET_NAME)";
			};
			name = Debug;
		};
		62EF0E8D1F5AE30A00639585 /* Release */ = {
			isa = XCBuildConfiguration;
			buildSettings = {
				ASSETCATALOG_COMPILER_APPICON_NAME = AppIcon;
				DEVELOPMENT_TEAM = WRNUC3KJ6A;
				INFOPLIST_FILE = OCdemo/Info.plist;
				IPHONEOS_DEPLOYMENT_TARGET = 8.0;
				LD_RUNPATH_SEARCH_PATHS = "$(inherited) @executable_path/Frameworks";
				PRODUCT_BUNDLE_IDENTIFIER = www.vocoor.com.OCdemo;
				PRODUCT_NAME = "$(TARGET_NAME)";
			};
			name = Release;
		};
/* End XCBuildConfiguration section */

/* Begin XCConfigurationList section */
		62EF0E6F1F5AE30900639585 /* Build configuration list for PBXProject "OCdemo" */ = {
			isa = XCConfigurationList;
			buildConfigurations = (
				62EF0E891F5AE30A00639585 /* Debug */,
				62EF0E8A1F5AE30A00639585 /* Release */,
			);
			defaultConfigurationIsVisible = 0;
			defaultConfigurationName = Release;
		};
		62EF0E8B1F5AE30A00639585 /* Build configuration list for PBXNativeTarget "OCdemo" */ = {
			isa = XCConfigurationList;
			buildConfigurations = (
				62EF0E8C1F5AE30A00639585 /* Debug */,
				62EF0E8D1F5AE30A00639585 /* Release */,
			);
			defaultConfigurationIsVisible = 0;
			defaultConfigurationName = Release;
		};
/* End XCConfigurationList section */
	};
	rootObject = 62EF0E6C1F5AE30900639585 /* Project object */;
}
